
Microsoft Visual Studio Solution File, Format Version 12.00
# Visual Studio Version 16
VisualStudioVersion = 16.0.29324.140
MinimumVisualStudioVersion = 10.0.40219.1
Project("{FAE04EC0-301F-11D3-BF4B-00C04F79EFBC}") = "FontAndColor", "FontAndColor\FontAndColor.csproj", "{CDDE8F26-52AA-4B6B-8E2F-6C06592FF034}"
EndProject
Global
	GlobalSection(SolutionConfigurationPlatforms) = preSolution
		Debug|Any CPU = Debug|Any CPU
		Release|Any CPU = Release|Any CPU
	EndGlobalSection
	GlobalSection(ProjectConfigurationPlatforms) = postSolution
		{CDDE8F26-52AA-4B6B-8E2F-6C06592FF034}.Debug|Any CPU.ActiveCfg = Debug|Any CPU
		{CDDE8F26-52AA-4B6B-8E2F-6C06592FF034}.Debug|Any CPU.Build.0 = Debug|Any CPU
		{CDDE8F26-52AA-4B6B-8E2F-6C06592FF034}.Release|Any CPU.ActiveCfg = Release|Any CPU
		{CDDE8F26-52AA-4B6B-8E2F-6C06592FF034}.Release|Any CPU.Build.0 = Release|Any CPU
	EndGlobalSection
	GlobalSection(SolutionProperties) = preSolution
		HideSolutionNode = FALSE
	EndGlobalSection
	GlobalSection(ExtensibilityGlobals) = postSolution
		SolutionGuid = {25DF78B5-604D-4A6A-96F0-1A043BA26F7F}
	EndGlobalSection
EndGlobal
